
Microsoft Visual Studio Solution File, Format Version 12.00
# Visual Studio Version 17
VisualStudioVersion = 17.4.33110.190
MinimumVisualStudioVersion = 10.0.40219.1
Project("{8BC9CEB8-8B4A-11D0-8D11-00A0C91BC942}") = "DxLibGameTemplate1", "DxLibGameTemplate1.vcxproj", "{5C7526AE-56AC-4575-A8CB-F4867980C7FD}"
EndProject
Global
	GlobalSection(SolutionConfigurationPlatforms) = preSolution
		Debug|x64 = Debug|x64
		Debug|x86 = Debug|x86
		Release|x64 = Release|x64
		Release|x86 = Release|x86
	EndGlobalSection
	GlobalSection(ProjectConfigurationPlatforms) = postSolution
		{5C7526AE-56AC-4575-A8CB-F4867980C7FD}.Debug|x64.ActiveCfg = Debug|x64
		{5C7526AE-56AC-4575-A8CB-F4867980C7FD}.Debug|x64.Build.0 = Debug|x64
		{5C7526AE-56AC-4575-A8CB-F4867980C7FD}.Debug|x86.ActiveCfg = Debug|Win32
		{5C7526AE-56AC-4575-A8CB-F4867980C7FD}.Debug|x86.Build.0 = Debug|Win32
		{5C7526AE-56AC-4575-A8CB-F4867980C7FD}.Release|x64.ActiveCfg = Release|x64
		{5C7526AE-56AC-4575-A8CB-F4867980C7FD}.Release|x64.Build.0 = Release|x64
		{5C7526AE-56AC-4575-A8CB-F4867980C7FD}.Release|x86.ActiveCfg = Release|Win32
		{5C7526AE-56AC-4575-A8CB-F4867980C7FD}.Release|x86.Build.0 = Release|Win32
	EndGlobalSection
	GlobalSection(SolutionProperties) = preSolution
		HideSolutionNode = FALSE
	EndGlobalSection
	GlobalSection(ExtensibilityGlobals) = postSolution
		SolutionGuid = {AA391AFF-512E-4F0B-83F2-8E44F37752B5}
	EndGlobalSection
EndGlobal
