
Microsoft Visual Studio Solution File, Format Version 12.00
# Visual Studio Version 17
VisualStudioVersion = 17.4.33110.190
MinimumVisualStudioVersion = 10.0.40219.1
Project("{8BC9CEB8-8B4A-11D0-8D11-00A0C91BC942}") = "DxLibGameTemplate1", "DxLibGameTemplate1.vcxproj", "{F6ED57EF-F991-4604-A4AE-A396BD4CBF32}"
EndProject
Global
	GlobalSection(SolutionConfigurationPlatforms) = preSolution
		Debug|x64 = Debug|x64
		Debug|x86 = Debug|x86
		Release|x64 = Release|x64
		Release|x86 = Release|x86
	EndGlobalSection
	GlobalSection(ProjectConfigurationPlatforms) = postSolution
		{F6ED57EF-F991-4604-A4AE-A396BD4CBF32}.Debug|x64.ActiveCfg = Debug|x64
		{F6ED57EF-F991-4604-A4AE-A396BD4CBF32}.Debug|x64.Build.0 = Debug|x64
		{F6ED57EF-F991-4604-A4AE-A396BD4CBF32}.Debug|x86.ActiveCfg = Debug|Win32
		{F6ED57EF-F991-4604-A4AE-A396BD4CBF32}.Debug|x86.Build.0 = Debug|Win32
		{F6ED57EF-F991-4604-A4AE-A396BD4CBF32}.Release|x64.ActiveCfg = Release|x64
		{F6ED57EF-F991-4604-A4AE-A396BD4CBF32}.Release|x64.Build.0 = Release|x64
		{F6ED57EF-F991-4604-A4AE-A396BD4CBF32}.Release|x86.ActiveCfg = Release|Win32
		{F6ED57EF-F991-4604-A4AE-A396BD4CBF32}.Release|x86.Build.0 = Release|Win32
	EndGlobalSection
	GlobalSection(SolutionProperties) = preSolution
		HideSolutionNode = FALSE
	EndGlobalSection
	GlobalSection(ExtensibilityGlobals) = postSolution
		SolutionGuid = {6BAA4F18-CA48-4133-9140-CFAC3B081D87}
	EndGlobalSection
EndGlobal
